
Microsoft Visual Studio Solution File, Format Version 12.00
# Visual Studio 15
VisualStudioVersion = 15.0.26430.14
MinimumVisualStudioVersion = 10.0.40219.1
Project("{9A19103F-16F7-4668-BE54-9A1E7A4F7556}") = "ImageGallery.API", "ImageGallery.API\ImageGallery.API.csproj", "{6BDADC0F-A54C-43F5-BBFD-5729E988A778}"
EndProject
Project("{9A19103F-16F7-4668-BE54-9A1E7A4F7556}") = "ImageGallery.Client", "ImageGallery.Client\ImageGallery.Client.csproj", "{2C585E08-5F25-4831-9AE5-9FEA32CEB4FD}"
EndProject
Project("{9A19103F-16F7-4668-BE54-9A1E7A4F7556}") = "ImageGallery.Model", "ImageGallery.Model\ImageGallery.Model.csproj", "{D2D97540-A78B-4D6A-AC8D-32CEC24690F0}"
EndProject
Project("{FAE04EC0-301F-11D3-BF4B-00C04F79EFBC}") = "IdentityProvider", "IdentityProvider\IdentityProvider.csproj", "{BF5C663D-EE93-425A-86C9-AB9374533166}"
EndProject
Global
	GlobalSection(SolutionConfigurationPlatforms) = preSolution
		Debug|Any CPU = Debug|Any CPU
		Release|Any CPU = Release|Any CPU
	EndGlobalSection
	GlobalSection(ProjectConfigurationPlatforms) = postSolution
		{6BDADC0F-A54C-43F5-BBFD-5729E988A778}.Debug|Any CPU.ActiveCfg = Debug|Any CPU
		{6BDADC0F-A54C-43F5-BBFD-5729E988A778}.Debug|Any CPU.Build.0 = Debug|Any CPU
		{6BDADC0F-A54C-43F5-BBFD-5729E988A778}.Release|Any CPU.ActiveCfg = Release|Any CPU
		{6BDADC0F-A54C-43F5-BBFD-5729E988A778}.Release|Any CPU.Build.0 = Release|Any CPU
		{2C585E08-5F25-4831-9AE5-9FEA32CEB4FD}.Debug|Any CPU.ActiveCfg = Debug|Any CPU
		{2C585E08-5F25-4831-9AE5-9FEA32CEB4FD}.Debug|Any CPU.Build.0 = Debug|Any CPU
		{2C585E08-5F25-4831-9AE5-9FEA32CEB4FD}.Release|Any CPU.ActiveCfg = Release|Any CPU
		{2C585E08-5F25-4831-9AE5-9FEA32CEB4FD}.Release|Any CPU.Build.0 = Release|Any CPU
		{D2D97540-A78B-4D6A-AC8D-32CEC24690F0}.Debug|Any CPU.ActiveCfg = Debug|Any CPU
		{D2D97540-A78B-4D6A-AC8D-32CEC24690F0}.Debug|Any CPU.Build.0 = Debug|Any CPU
		{D2D97540-A78B-4D6A-AC8D-32CEC24690F0}.Release|Any CPU.ActiveCfg = Release|Any CPU
		{D2D97540-A78B-4D6A-AC8D-32CEC24690F0}.Release|Any CPU.Build.0 = Release|Any CPU
		{BF5C663D-EE93-425A-86C9-AB9374533166}.Debug|Any CPU.ActiveCfg = Debug|Any CPU
		{BF5C663D-EE93-425A-86C9-AB9374533166}.Debug|Any CPU.Build.0 = Debug|Any CPU
		{BF5C663D-EE93-425A-86C9-AB9374533166}.Release|Any CPU.ActiveCfg = Release|Any CPU
		{BF5C663D-EE93-425A-86C9-AB9374533166}.Release|Any CPU.Build.0 = Release|Any CPU
	EndGlobalSection
	GlobalSection(SolutionProperties) = preSolution
		HideSolutionNode = FALSE
	EndGlobalSection
EndGlobal
